// !$*UTF8*$!
{
	archiveVersion = 1;
	classes = {
	};
	objectVersion = 46;
	objects = {

/* Begin PBXBuildFile section */
		1620B8B71C6F02FB0079683F /* MainMenuViewController.m in Sources */ = {isa = PBXBuildFile; fileRef = 1620B8B51C6F02FB0079683F /* MainMenuViewController.m */; };
		1620B8B81C6F02FB0079683F /* MainMenuViewController.xib in Resources */ = {isa = PBXBuildFile; fileRef = 1620B8B61C6F02FB0079683F /* MainMenuViewController.xib */; };
		169A2AE41C6E8E5F00D6D171 /* main.m in Sources */ = {isa = PBXBuildFile; fileRef = 169A2AE31C6E8E5F00D6D171 /* main.m */; };
		169A2AE71C6E8E5F00D6D171 /* AppDelegate.m in Sources */ = {isa = PBXBuildFile; fileRef = 169A2AE61C6E8E5F00D6D171 /* AppDelegate.m */; };
		169A2AEF1C6E8E5F00D6D171 /* Assets.xcassets in Resources */ = {isa = PBXBuildFile; fileRef = 169A2AEE1C6E8E5F00D6D171 /* Assets.xcassets */; };
		169A2AFC1C6EAAC800D6D171 /* ViewController.m in Sources */ = {isa = PBXBuildFile; fileRef = 169A2AFA1C6EAAC800D6D171 /* ViewController.m */; };
		169A2AFD1C6EAAC800D6D171 /* ViewController.xib in Resources */ = {isa = PBXBuildFile; fileRef = 169A2AFB1C6EAAC800D6D171 /* ViewController.xib */; };
		169A2AFF1C6EC3E100D6D171 /* Default-568h@2x.png in Resources */ = {isa = PBXBuildFile; fileRef = 169A2AFE1C6EC3E100D6D171 /* Default-568h@2x.png */; };
		169A2B011C6EC44600D6D171 /* FullSizeRender.jpg in Resources */ = {isa = PBXBuildFile; fileRef = 169A2B001C6EC44600D6D171 /* FullSizeRender.jpg */; };
/* End PBXBuildFile section */

/* Begin PBXFileReference section */
		1620B8B41C6F02FB0079683F /* MainMenuViewController.h */ = {isa = PBXFileReference; fileEncoding = 4; lastKnownFileType = sourcecode.c.h; path = MainMenuViewController.h; sourceTree = "<group>"; };
		1620B8B51C6F02FB0079683F /* MainMenuViewController.m */ = {isa = PBXFileReference; fileEncoding = 4; lastKnownFileType = sourcecode.c.objc; path = MainMenuViewController.m; sourceTree = "<group>"; };
		1620B8B61C6F02FB0079683F /* MainMenuViewController.xib */ = {isa = PBXFileReference; fileEncoding = 4; lastKnownFileType = file.xib; path = MainMenuViewController.xib; sourceTree = "<group>"; };
		169A2ADF1C6E8E5F00D6D171 /* SindicatoBomberosMadrid.app */ = {isa = PBXFileReference; explicitFileType = wrapper.application; includeInIndex = 0; path = SindicatoBomberosMadrid.app; sourceTree = BUILT_PRODUCTS_DIR; };
		169A2AE31C6E8E5F00D6D171 /* main.m */ = {isa = PBXFileReference; lastKnownFileType = sourcecode.c.objc; path = main.m; sourceTree = "<group>"; };
		169A2AE51C6E8E5F00D6D171 /* AppDelegate.h */ = {isa = PBXFileReference; lastKnownFileType = sourcecode.c.h; path = AppDelegate.h; sourceTree = "<group>"; };
		169A2AE61C6E8E5F00D6D171 /* AppDelegate.m */ = {isa = PBXFileReference; lastKnownFileType = sourcecode.c.objc; path = AppDelegate.m; sourceTree = "<group>"; };
		169A2AEE1C6E8E5F00D6D171 /* Assets.xcassets */ = {isa = PBXFileReference; lastKnownFileType = folder.assetcatalog; path = Assets.xcassets; sourceTree = "<group>"; };
		169A2AF31C6E8E5F00D6D171 /* Info.plist */ = {isa = PBXFileReference; lastKnownFileType = text.plist.xml; path = Info.plist; sourceTree = "<group>"; };
		169A2AF91C6EAAC800D6D171 /* ViewController.h */ = {isa = PBXFileReference; fileEncoding = 4; lastKnownFileType = sourcecode.c.h; path = ViewController.h; sourceTree = "<group>"; };
		169A2AFA1C6EAAC800D6D171 /* ViewController.m */ = {isa = PBXFileReference; fileEncoding = 4; lastKnownFileType = sourcecode.c.objc; path = ViewController.m; sourceTree = "<group>"; };
		169A2AFB1C6EAAC800D6D171 /* ViewController.xib */ = {isa = PBXFileReference; fileEncoding = 4; lastKnownFileType = file.xib; path = ViewController.xib; sourceTree = "<group>"; };
		169A2AFE1C6EC3E100D6D171 /* Default-568h@2x.png */ = {isa = PBXFileReference; lastKnownFileType = image.png; path = "Default-568h@2x.png"; sourceTree = "<group>"; };
		169A2B001C6EC44600D6D171 /* FullSizeRender.jpg */ = {isa = PBXFileReference; lastKnownFileType = image.jpeg; path = FullSizeRender.jpg; sourceTree = "<group>"; };
/* End PBXFileReference section */

/* Begin PBXFrameworksBuildPhase section */
		169A2ADC1C6E8E5F00D6D171 /* Frameworks */ = {
			isa = PBXFrameworksBuildPhase;
			buildActionMask = 2147483647;
			files = (
			);
			runOnlyForDeploymentPostprocessing = 0;
		};
/* End PBXFrameworksBuildPhase section */

/* Begin PBXGroup section */
		169A2AD61C6E8E5E00D6D171 = {
			isa = PBXGroup;
			children = (
				1620B8B41C6F02FB0079683F /* MainMenuViewController.h */,
				1620B8B51C6F02FB0079683F /* MainMenuViewController.m */,
				1620B8B61C6F02FB0079683F /* MainMenuViewController.xib */,
				169A2AFE1C6EC3E100D6D171 /* Default-568h@2x.png */,
				169A2AE11C6E8E5F00D6D171 /* SindicatoBomberosMadrid */,
				169A2AE01C6E8E5F00D6D171 /* Products */,
			);
			sourceTree = "<group>";
		};
		169A2AE01C6E8E5F00D6D171 /* Products */ = {
			isa = PBXGroup;
			children = (
				169A2ADF1C6E8E5F00D6D171 /* SindicatoBomberosMadrid.app */,
			);
			name = Products;
			sourceTree = "<group>";
		};
		169A2AE11C6E8E5F00D6D171 /* SindicatoBomberosMadrid */ = {
			isa = PBXGroup;
			children = (
				169A2AE51C6E8E5F00D6D171 /* AppDelegate.h */,
				169A2AE61C6E8E5F00D6D171 /* AppDelegate.m */,
				169A2AEE1C6E8E5F00D6D171 /* Assets.xcassets */,
				169A2AF31C6E8E5F00D6D171 /* Info.plist */,
				169A2AE21C6E8E5F00D6D171 /* Supporting Files */,
				169A2AF91C6EAAC800D6D171 /* ViewController.h */,
				169A2AFA1C6EAAC800D6D171 /* ViewController.m */,
				169A2AFB1C6EAAC800D6D171 /* ViewController.xib */,
				169A2B001C6EC44600D6D171 /* FullSizeRender.jpg */,
			);
			path = SindicatoBomberosMadrid;
			sourceTree = "<group>";
		};
		169A2AE21C6E8E5F00D6D171 /* Supporting Files */ = {
			isa = PBXGroup;
			children = (
				169A2AE31C6E8E5F00D6D171 /* main.m */,
			);
			name = "Supporting Files";
			sourceTree = "<group>";
		};
/* End PBXGroup section */

/* Begin PBXNativeTarget section */
		169A2ADE1C6E8E5F00D6D171 /* SindicatoBomberosMadrid */ = {
			isa = PBXNativeTarget;
			buildConfigurationList = 169A2AF61C6E8E5F00D6D171 /* Build configuration list for PBXNativeTarget "SindicatoBomberosMadrid" */;
			buildPhases = (
				169A2ADB1C6E8E5F00D6D171 /* Sources */,
				169A2ADC1C6E8E5F00D6D171 /* Frameworks */,
				169A2ADD1C6E8E5F00D6D171 /* Resources */,
			);
			buildRules = (
			);
			dependencies = (
			);
			name = SindicatoBomberosMadrid;
			productName = SindicatoBomberosMadrid;
			productReference = 169A2ADF1C6E8E5F00D6D171 /* SindicatoBomberosMadrid.app */;
			productType = "com.apple.product-type.application";
		};
/* End PBXNativeTarget section */

/* Begin PBXProject section */
		169A2AD71C6E8E5E00D6D171 /* Project object */ = {
			isa = PBXProject;
			attributes = {
				LastUpgradeCheck = 0720;
				ORGANIZATIONNAME = Ernesto;
				TargetAttributes = {
					169A2ADE1C6E8E5F00D6D171 = {
						CreatedOnToolsVersion = 7.2;
						DevelopmentTeam = K9Y25AYADB;
					};
				};
			};
			buildConfigurationList = 169A2ADA1C6E8E5E00D6D171 /* Build configuration list for PBXProject "SindicatoBomberosMadrid" */;
			compatibilityVersion = "Xcode 3.2";
			developmentRegion = English;
			hasScannedForEncodings = 0;
			knownRegions = (
				en,
				Base,
			);
			mainGroup = 169A2AD61C6E8E5E00D6D171;
			productRefGroup = 169A2AE01C6E8E5F00D6D171 /* Products */;
			projectDirPath = "";
			projectRoot = "";
			targets = (
				169A2ADE1C6E8E5F00D6D171 /* SindicatoBomberosMadrid */,
			);
		};
/* End PBXProject section */

/* Begin PBXResourcesBuildPhase section */
		169A2ADD1C6E8E5F00D6D171 /* Resources */ = {
			isa = PBXResourcesBuildPhase;
			buildActionMask = 2147483647;
			files = (
				169A2AFD1C6EAAC800D6D171 /* ViewController.xib in Resources */,
				169A2AEF1C6E8E5F00D6D171 /* Assets.xcassets in Resources */,
				169A2AFF1C6EC3E100D6D171 /* Default-568h@2x.png in Resources */,
				1620B8B81C6F02FB0079683F /* MainMenuViewController.xib in Resources */,
				169A2B011C6EC44600D6D171 /* FullSizeRender.jpg in Resources */,
			);
			runOnlyForDeploymentPostprocessing = 0;
		};
/* End PBXResourcesBuildPhase section */

/* Begin PBXSourcesBuildPhase section */
		169A2ADB1C6E8E5F00D6D171 /* Sources */ = {
			isa = PBXSourcesBuildPhase;
			buildActionMask = 2147483647;
			files = (
				1620B8B71C6F02FB0079683F /* MainMenuViewController.m in Sources */,
				169A2AFC1C6EAAC800D6D171 /* ViewController.m in Sources */,
				169A2AE71C6E8E5F00D6D171 /* AppDelegate.m in Sources */,
				169A2AE41C6E8E5F00D6D171 /* main.m in Sources */,
			);
			runOnlyForDeploymentPostprocessing = 0;
		};
/* End PBXSourcesBuildPhase section */

/* Begin XCBuildConfiguration section */
		169A2AF41C6E8E5F00D6D171 /* Debug */ = {
			isa = XCBuildConfiguration;
			buildSettings = {
				ALWAYS_SEARCH_USER_PATHS = NO;
				CLANG_CXX_LANGUAGE_STANDARD = "gnu++0x";
				CLANG_CXX_LIBRARY = "libc++";
				CLANG_ENABLE_MODULES = YES;
				CLANG_ENABLE_OBJC_ARC = YES;
				CLANG_WARN_BOOL_CONVERSION = YES;
				CLANG_WARN_CONSTANT_CONVERSION = YES;
				CLANG_WARN_DIRECT_OBJC_ISA_USAGE = YES_ERROR;
				CLANG_WARN_EMPTY_BODY = YES;
				CLANG_WARN_ENUM_CONVERSION = YES;
				CLANG_WARN_INT_CONVERSION = YES;
				CLANG_WARN_OBJC_ROOT_CLASS = YES_ERROR;
				CLANG_WARN_UNREACHABLE_CODE = YES;
				CLANG_WARN__DUPLICATE_METHOD_MATCH = YES;
				"CODE_SIGN_IDENTITY[sdk=iphoneos*]" = "iPhone Developer";
				COPY_PHASE_STRIP = NO;
				DEBUG_INFORMATION_FORMAT = dwarf;
				ENABLE_STRICT_OBJC_MSGSEND = YES;
				ENABLE_TESTABILITY = YES;
				GCC_C_LANGUAGE_STANDARD = gnu99;
				GCC_DYNAMIC_NO_PIC = NO;
				GCC_NO_COMMON_BLOCKS = YES;
				GCC_OPTIMIZATION_LEVEL = 0;
				GCC_PREPROCESSOR_DEFINITIONS = (
					"DEBUG=1",
					"$(inherited)",
				);
				GCC_WARN_64_TO_32_BIT_CONVERSION = YES;
				GCC_WARN_ABOUT_RETURN_TYPE = YES_ERROR;
				GCC_WARN_UNDECLARED_SELECTOR = YES;
				GCC_WARN_UNINITIALIZED_AUTOS = YES_AGGRESSIVE;
				GCC_WARN_UNUSED_FUNCTION = YES;
				GCC_WARN_UNUSED_VARIABLE = YES;
				IPHONEOS_DEPLOYMENT_TARGET = 9.2;
				MTL_ENABLE_DEBUG_INFO = YES;
				ONLY_ACTIVE_ARCH = YES;
				SDKROOT = iphoneos;
				TARGETED_DEVICE_FAMILY = "1,2";
			};
			name = Debug;
		};
		169A2AF51C6E8E5F00D6D171 /* Release */ = {
			isa = XCBuildConfiguration;
			buildSettings = {
				ALWAYS_SEARCH_USER_PATHS = NO;
				CLANG_CXX_LANGUAGE_STANDARD = "gnu++0x";
				CLANG_CXX_LIBRARY = "libc++";
				CLANG_ENABLE_MODULES = YES;
				CLANG_ENABLE_OBJC_ARC = YES;
				CLANG_WARN_BOOL_CONVERSION = YES;
				CLANG_WARN_CONSTANT_CONVERSION = YES;
				CLANG_WARN_DIRECT_OBJC_ISA_USAGE = YES_ERROR;
				CLANG_WARN_EMPTY_BODY = YES;
				CLANG_WARN_ENUM_CONVERSION = YES;
				CLANG_WARN_INT_CONVERSION = YES;
				CLANG_WARN_OBJC_ROOT_CLASS = YES_ERROR;
				CLANG_WARN_UNREACHABLE_CODE = YES;
				CLANG_WARN__DUPLICATE_METHOD_MATCH = YES;
				"CODE_SIGN_IDENTITY[sdk=iphoneos*]" = "iPhone Developer";
				COPY_PHASE_STRIP = NO;
				DEBUG_INFORMATION_FORMAT = "dwarf-with-dsym";
				ENABLE_NS_ASSERTIONS = NO;
				ENABLE_STRICT_OBJC_MSGSEND = YES;
				GCC_C_LANGUAGE_STANDARD = gnu99;
				GCC_NO_COMMON_BLOCKS = YES;
				GCC_WARN_64_TO_32_BIT_CONVERSION = YES;
				GCC_WARN_ABOUT_RETURN_TYPE = YES_ERROR;
				GCC_WARN_UNDECLARED_SELECTOR = YES;
				GCC_WARN_UNINITIALIZED_AUTOS = YES_AGGRESSIVE;
				GCC_WARN_UNUSED_FUNCTION = YES;
				GCC_WARN_UNUSED_VARIABLE = YES;
				IPHONEOS_DEPLOYMENT_TARGET = 9.2;
				MTL_ENABLE_DEBUG_INFO = NO;
				SDKROOT = iphoneos;
				TARGETED_DEVICE_FAMILY = "1,2";
				VALIDATE_PRODUCT = YES;
			};
			name = Release;
		};
		169A2AF71C6E8E5F00D6D171 /* Debug */ = {
			isa = XCBuildConfiguration;
			buildSettings = {
				ASSETCATALOG_COMPILER_APPICON_NAME = AppIcon;
				CODE_SIGN_IDENTITY = "iPhone Developer";
				"CODE_SIGN_IDENTITY[sdk=iphoneos*]" = "iPhone Developer";
				INFOPLIST_FILE = SindicatoBomberosMadrid/Info.plist;
				IPHONEOS_DEPLOYMENT_TARGET = 6.1;
				LD_RUNPATH_SEARCH_PATHS = "$(inherited) @executable_path/Frameworks";
				PRODUCT_BUNDLE_IDENTIFIER = eggrabowski.SindicatoBomberosMadrid;
				PRODUCT_NAME = "$(TARGET_NAME)";
				PROVISIONING_PROFILE = "";
			};
			name = Debug;
		};
		169A2AF81C6E8E5F00D6D171 /* Release */ = {
			isa = XCBuildConfiguration;
			buildSettings = {
				ASSETCATALOG_COMPILER_APPICON_NAME = AppIcon;
				CODE_SIGN_IDENTITY = "iPhone Developer";
				"CODE_SIGN_IDENTITY[sdk=iphoneos*]" = "iPhone Developer";
				INFOPLIST_FILE = SindicatoBomberosMadrid/Info.plist;
				IPHONEOS_DEPLOYMENT_TARGET = 6.1;
				LD_RUNPATH_SEARCH_PATHS = "$(inherited) @executable_path/Frameworks";
				PRODUCT_BUNDLE_IDENTIFIER = eggrabowski.SindicatoBomberosMadrid;
				PRODUCT_NAME = "$(TARGET_NAME)";
				PROVISIONING_PROFILE = "";
			};
			name = Release;
		};
/* End XCBuildConfiguration section */

/* Begin XCConfigurationList section */
		169A2ADA1C6E8E5E00D6D171 /* Build configuration list for PBXProject "SindicatoBomberosMadrid" */ = {
			isa = XCConfigurationList;
			buildConfigurations = (
				169A2AF41C6E8E5F00D6D171 /* Debug */,
				169A2AF51C6E8E5F00D6D171 /* Release */,
			);
			defaultConfigurationIsVisible = 0;
			defaultConfigurationName = Release;
		};
		169A2AF61C6E8E5F00D6D171 /* Build configuration list for PBXNativeTarget "SindicatoBomberosMadrid" */ = {
			isa = XCConfigurationList;
			buildConfigurations = (
				169A2AF71C6E8E5F00D6D171 /* Debug */,
				169A2AF81C6E8E5F00D6D171 /* Release */,
			);
			defaultConfigurationIsVisible = 0;
			defaultConfigurationName = Release;
		};
/* End XCConfigurationList section */
	};
	rootObject = 169A2AD71C6E8E5E00D6D171 /* Project object */;
}
